
Microsoft Visual Studio Solution File, Format Version 12.00
# Visual Studio Version 17
VisualStudioVersion = 17.11.35312.102
MinimumVisualStudioVersion = 10.0.40219.1
Project("{FAE04EC0-301F-11D3-BF4B-00C04F79EFBC}") = "StudentManagement", "StudentManagement\StudentManagement.csproj", "{23087815-D70C-48C6-9563-9EED0B07C57E}"
EndProject
Project("{FAE04EC0-301F-11D3-BF4B-00C04F79EFBC}") = "RepositoryLayer", "RepositoryLayer\RepositoryLayer.csproj", "{36F36089-704F-4C24-897A-EE8C6DC5BBA6}"
EndProject
Project("{FAE04EC0-301F-11D3-BF4B-00C04F79EFBC}") = "ServiceLayer", "ServiceLayer\ServiceLayer.csproj", "{F080A269-07BD-4BAE-A291-33D01F4D8DD9}"
EndProject
Project("{FAE04EC0-301F-11D3-BF4B-00C04F79EFBC}") = "DomainModels", "DomainModels\DomainModels.csproj", "{C90D6288-FD1D-465D-B261-E97C6B9A625D}"
EndProject
Global
	GlobalSection(SolutionConfigurationPlatforms) = preSolution
		Debug|Any CPU = Debug|Any CPU
		Release|Any CPU = Release|Any CPU
	EndGlobalSection
	GlobalSection(ProjectConfigurationPlatforms) = postSolution
		{23087815-D70C-48C6-9563-9EED0B07C57E}.Debug|Any CPU.ActiveCfg = Debug|Any CPU
		{23087815-D70C-48C6-9563-9EED0B07C57E}.Debug|Any CPU.Build.0 = Debug|Any CPU
		{23087815-D70C-48C6-9563-9EED0B07C57E}.Release|Any CPU.ActiveCfg = Release|Any CPU
		{23087815-D70C-48C6-9563-9EED0B07C57E}.Release|Any CPU.Build.0 = Release|Any CPU
		{36F36089-704F-4C24-897A-EE8C6DC5BBA6}.Debug|Any CPU.ActiveCfg = Debug|Any CPU
		{36F36089-704F-4C24-897A-EE8C6DC5BBA6}.Debug|Any CPU.Build.0 = Debug|Any CPU
		{36F36089-704F-4C24-897A-EE8C6DC5BBA6}.Release|Any CPU.ActiveCfg = Release|Any CPU
		{36F36089-704F-4C24-897A-EE8C6DC5BBA6}.Release|Any CPU.Build.0 = Release|Any CPU
		{F080A269-07BD-4BAE-A291-33D01F4D8DD9}.Debug|Any CPU.ActiveCfg = Debug|Any CPU
		{F080A269-07BD-4BAE-A291-33D01F4D8DD9}.Debug|Any CPU.Build.0 = Debug|Any CPU
		{F080A269-07BD-4BAE-A291-33D01F4D8DD9}.Release|Any CPU.ActiveCfg = Release|Any CPU
		{F080A269-07BD-4BAE-A291-33D01F4D8DD9}.Release|Any CPU.Build.0 = Release|Any CPU
		{C90D6288-FD1D-465D-B261-E97C6B9A625D}.Debug|Any CPU.ActiveCfg = Debug|Any CPU
		{C90D6288-FD1D-465D-B261-E97C6B9A625D}.Debug|Any CPU.Build.0 = Debug|Any CPU
		{C90D6288-FD1D-465D-B261-E97C6B9A625D}.Release|Any CPU.ActiveCfg = Release|Any CPU
		{C90D6288-FD1D-465D-B261-E97C6B9A625D}.Release|Any CPU.Build.0 = Release|Any CPU
	EndGlobalSection
	GlobalSection(SolutionProperties) = preSolution
		HideSolutionNode = FALSE
	EndGlobalSection
	GlobalSection(ExtensibilityGlobals) = postSolution
		SolutionGuid = {9F1EF423-A830-4F7B-AA68-DEFD00418037}
	EndGlobalSection
EndGlobal
